
Microsoft Visual Studio Solution File, Format Version 12.00
# Visual Studio Version 17
VisualStudioVersion = 17.12.35527.113 d17.12
MinimumVisualStudioVersion = 10.0.40219.1
Project("{2150E333-8FDC-42A3-9474-1A3956D46DE8}") = "CraftTechAPI", "CraftTechAPI", "{747E35E5-503B-4407-B484-B00204AA9397}"
EndProject
Project("{2150E333-8FDC-42A3-9474-1A3956D46DE8}") = "CraftTechMVC", "CraftTechMVC", "{D20D544A-66A7-4A3E-92AB-369BC049172E}"
EndProject
Project("{FAE04EC0-301F-11D3-BF4B-00C04F79EFBC}") = "CraftTech.WebAPI", "CraftTech.WebAPI\CraftTech.WebAPI.csproj", "{59FB2CE3-D83E-4C8D-B582-1A7BE4BFA5DB}"
EndProject
Project("{FAE04EC0-301F-11D3-BF4B-00C04F79EFBC}") = "CraftTech.EntityLayer", "CraftTech.EntityLayer\CraftTech.EntityLayer.csproj", "{3290CFC6-D867-4BAA-AF51-0A1E3BDD4D99}"
EndProject
Project("{FAE04EC0-301F-11D3-BF4B-00C04F79EFBC}") = "CraftTech.DataAccessLayer", "CraftTech.DataAccessLayer\CraftTech.DataAccessLayer.csproj", "{E4D4B04A-3CB2-45FE-BB28-D0525830EA3D}"
EndProject
Project("{FAE04EC0-301F-11D3-BF4B-00C04F79EFBC}") = "CraftTech.DtoLayer", "CraftTech.DtoLayer\CraftTech.DtoLayer.csproj", "{98FEA31D-5398-413D-B5BB-8F9A774C494A}"
EndProject
Project("{FAE04EC0-301F-11D3-BF4B-00C04F79EFBC}") = "CraftTech.BussinessLayer", "CraftTech.BussinessLayer\CraftTech.BussinessLayer.csproj", "{FD27BA56-7F68-4B0D-B682-FDCDB0F861E0}"
EndProject
Project("{FAE04EC0-301F-11D3-BF4B-00C04F79EFBC}") = "CraftTech.WebUI", "CraftTech.WebUI\CraftTech.WebUI.csproj", "{189DD87E-5925-4CC9-A573-0D2FBB2D2EC0}"
EndProject
Global
	GlobalSection(SolutionConfigurationPlatforms) = preSolution
		Debug|Any CPU = Debug|Any CPU
		Release|Any CPU = Release|Any CPU
	EndGlobalSection
	GlobalSection(ProjectConfigurationPlatforms) = postSolution
		{59FB2CE3-D83E-4C8D-B582-1A7BE4BFA5DB}.Debug|Any CPU.ActiveCfg = Debug|Any CPU
		{59FB2CE3-D83E-4C8D-B582-1A7BE4BFA5DB}.Debug|Any CPU.Build.0 = Debug|Any CPU
		{59FB2CE3-D83E-4C8D-B582-1A7BE4BFA5DB}.Release|Any CPU.ActiveCfg = Release|Any CPU
		{59FB2CE3-D83E-4C8D-B582-1A7BE4BFA5DB}.Release|Any CPU.Build.0 = Release|Any CPU
		{3290CFC6-D867-4BAA-AF51-0A1E3BDD4D99}.Debug|Any CPU.ActiveCfg = Debug|Any CPU
		{3290CFC6-D867-4BAA-AF51-0A1E3BDD4D99}.Debug|Any CPU.Build.0 = Debug|Any CPU
		{3290CFC6-D867-4BAA-AF51-0A1E3BDD4D99}.Release|Any CPU.ActiveCfg = Release|Any CPU
		{3290CFC6-D867-4BAA-AF51-0A1E3BDD4D99}.Release|Any CPU.Build.0 = Release|Any CPU
		{E4D4B04A-3CB2-45FE-BB28-D0525830EA3D}.Debug|Any CPU.ActiveCfg = Debug|Any CPU
		{E4D4B04A-3CB2-45FE-BB28-D0525830EA3D}.Debug|Any CPU.Build.0 = Debug|Any CPU
		{E4D4B04A-3CB2-45FE-BB28-D0525830EA3D}.Release|Any CPU.ActiveCfg = Release|Any CPU
		{E4D4B04A-3CB2-45FE-BB28-D0525830EA3D}.Release|Any CPU.Build.0 = Release|Any CPU
		{98FEA31D-5398-413D-B5BB-8F9A774C494A}.Debug|Any CPU.ActiveCfg = Debug|Any CPU
		{98FEA31D-5398-413D-B5BB-8F9A774C494A}.Debug|Any CPU.Build.0 = Debug|Any CPU
		{98FEA31D-5398-413D-B5BB-8F9A774C494A}.Release|Any CPU.ActiveCfg = Release|Any CPU
		{98FEA31D-5398-413D-B5BB-8F9A774C494A}.Release|Any CPU.Build.0 = Release|Any CPU
		{FD27BA56-7F68-4B0D-B682-FDCDB0F861E0}.Debug|Any CPU.ActiveCfg = Debug|Any CPU
		{FD27BA56-7F68-4B0D-B682-FDCDB0F861E0}.Debug|Any CPU.Build.0 = Debug|Any CPU
		{FD27BA56-7F68-4B0D-B682-FDCDB0F861E0}.Release|Any CPU.ActiveCfg = Release|Any CPU
		{FD27BA56-7F68-4B0D-B682-FDCDB0F861E0}.Release|Any CPU.Build.0 = Release|Any CPU
		{189DD87E-5925-4CC9-A573-0D2FBB2D2EC0}.Debug|Any CPU.ActiveCfg = Debug|Any CPU
		{189DD87E-5925-4CC9-A573-0D2FBB2D2EC0}.Debug|Any CPU.Build.0 = Debug|Any CPU
		{189DD87E-5925-4CC9-A573-0D2FBB2D2EC0}.Release|Any CPU.ActiveCfg = Release|Any CPU
		{189DD87E-5925-4CC9-A573-0D2FBB2D2EC0}.Release|Any CPU.Build.0 = Release|Any CPU
	EndGlobalSection
	GlobalSection(SolutionProperties) = preSolution
		HideSolutionNode = FALSE
	EndGlobalSection
	GlobalSection(NestedProjects) = preSolution
		{59FB2CE3-D83E-4C8D-B582-1A7BE4BFA5DB} = {747E35E5-503B-4407-B484-B00204AA9397}
		{3290CFC6-D867-4BAA-AF51-0A1E3BDD4D99} = {747E35E5-503B-4407-B484-B00204AA9397}
		{E4D4B04A-3CB2-45FE-BB28-D0525830EA3D} = {747E35E5-503B-4407-B484-B00204AA9397}
		{98FEA31D-5398-413D-B5BB-8F9A774C494A} = {747E35E5-503B-4407-B484-B00204AA9397}
		{FD27BA56-7F68-4B0D-B682-FDCDB0F861E0} = {747E35E5-503B-4407-B484-B00204AA9397}
		{189DD87E-5925-4CC9-A573-0D2FBB2D2EC0} = {D20D544A-66A7-4A3E-92AB-369BC049172E}
	EndGlobalSection
EndGlobal
